
Microsoft Visual Studio Solution File, Format Version 12.00
# Visual Studio 15
VisualStudioVersion = 15.0.27130.2024
MinimumVisualStudioVersion = 10.0.40219.1
Project("{2150E333-8FDC-42A3-9474-1A3956D46DE8}") = "Selenium", "Selenium", "{1C6ACD7C-1764-4877-9AC3-75E282FF7DFC}"
EndProject
Project("{FAE04EC0-301F-11D3-BF4B-00C04F79EFBC}") = "Google.Tests", "Selenium\Google.Tests\Google.Tests.csproj", "{B60BC517-35DE-427E-958F-61C146658540}"
EndProject
Project("{FAE04EC0-301F-11D3-BF4B-00C04F79EFBC}") = "Google.PageObjects", "Selenium\Google.PageObjects\Google.PageObjects.csproj", "{DBBD51B0-302A-4B12-873F-02C8E4E8D101}"
EndProject
Project("{2150E333-8FDC-42A3-9474-1A3956D46DE8}") = "Specflow and Selenium", "Specflow and Selenium", "{3682F584-91B7-4C14-BBCF-4FF596C8832B}"
EndProject
Project("{FAE04EC0-301F-11D3-BF4B-00C04F79EFBC}") = "Google.Specflow", "Specflow and Selenium\Google.Specflow\Google.Specflow.csproj", "{325BCEEC-29B8-4161-8CCB-A6617061DCC2}"
EndProject
Global
	GlobalSection(SolutionConfigurationPlatforms) = preSolution
		Debug|Any CPU = Debug|Any CPU
		Release|Any CPU = Release|Any CPU
	EndGlobalSection
	GlobalSection(ProjectConfigurationPlatforms) = postSolution
		{B60BC517-35DE-427E-958F-61C146658540}.Debug|Any CPU.ActiveCfg = Debug|Any CPU
		{B60BC517-35DE-427E-958F-61C146658540}.Debug|Any CPU.Build.0 = Debug|Any CPU
		{B60BC517-35DE-427E-958F-61C146658540}.Release|Any CPU.ActiveCfg = Release|Any CPU
		{B60BC517-35DE-427E-958F-61C146658540}.Release|Any CPU.Build.0 = Release|Any CPU
		{DBBD51B0-302A-4B12-873F-02C8E4E8D101}.Debug|Any CPU.ActiveCfg = Debug|Any CPU
		{DBBD51B0-302A-4B12-873F-02C8E4E8D101}.Debug|Any CPU.Build.0 = Debug|Any CPU
		{DBBD51B0-302A-4B12-873F-02C8E4E8D101}.Release|Any CPU.ActiveCfg = Release|Any CPU
		{DBBD51B0-302A-4B12-873F-02C8E4E8D101}.Release|Any CPU.Build.0 = Release|Any CPU
		{325BCEEC-29B8-4161-8CCB-A6617061DCC2}.Debug|Any CPU.ActiveCfg = Debug|Any CPU
		{325BCEEC-29B8-4161-8CCB-A6617061DCC2}.Debug|Any CPU.Build.0 = Debug|Any CPU
		{325BCEEC-29B8-4161-8CCB-A6617061DCC2}.Release|Any CPU.ActiveCfg = Release|Any CPU
		{325BCEEC-29B8-4161-8CCB-A6617061DCC2}.Release|Any CPU.Build.0 = Release|Any CPU
	EndGlobalSection
	GlobalSection(SolutionProperties) = preSolution
		HideSolutionNode = FALSE
	EndGlobalSection
	GlobalSection(NestedProjects) = preSolution
		{B60BC517-35DE-427E-958F-61C146658540} = {1C6ACD7C-1764-4877-9AC3-75E282FF7DFC}
		{DBBD51B0-302A-4B12-873F-02C8E4E8D101} = {1C6ACD7C-1764-4877-9AC3-75E282FF7DFC}
		{325BCEEC-29B8-4161-8CCB-A6617061DCC2} = {3682F584-91B7-4C14-BBCF-4FF596C8832B}
	EndGlobalSection
	GlobalSection(ExtensibilityGlobals) = postSolution
		SolutionGuid = {A4B8F516-E039-4D07-AD4D-56B35923C9AD}
	EndGlobalSection
EndGlobal
